// !$*UTF8*$!
{
	archiveVersion = 1;
	classes = {
	};
	objectVersion = 56;
	objects = {

/* Begin PBXBuildFile section */
		2192748C2AAA865C001A5AE3 /* HikingAppApp.swift in Sources */ = {isa = PBXBuildFile; fileRef = 2192748B2AAA865C001A5AE3 /* HikingAppApp.swift */; };
		2192748E2AAA865C001A5AE3 /* ContentView.swift in Sources */ = {isa = PBXBuildFile; fileRef = 2192748D2AAA865C001A5AE3 /* ContentView.swift */; };
		219274902AAA865D001A5AE3 /* Assets.xcassets in Resources */ = {isa = PBXBuildFile; fileRef = 2192748F2AAA865D001A5AE3 /* Assets.xcassets */; };
		219274942AAA865D001A5AE3 /* Preview Assets.xcassets in Resources */ = {isa = PBXBuildFile; fileRef = 219274932AAA865D001A5AE3 /* Preview Assets.xcassets */; };
		2192749B2AAA8959001A5AE3 /* CardView.swift in Sources */ = {isa = PBXBuildFile; fileRef = 2192749A2AAA8959001A5AE3 /* CardView.swift */; };
		2192749E2AAA8AE2001A5AE3 /* CustomBackgroundView.swift in Sources */ = {isa = PBXBuildFile; fileRef = 2192749D2AAA8AE2001A5AE3 /* CustomBackgroundView.swift */; };
		21F217EA2AAA8D3400525A3C /* ColorExtension.swift in Sources */ = {isa = PBXBuildFile; fileRef = 21F217E92AAA8D3400525A3C /* ColorExtension.swift */; };
		21F217EC2AAA927400525A3C /* CustomButtonView.swift in Sources */ = {isa = PBXBuildFile; fileRef = 21F217EB2AAA927400525A3C /* CustomButtonView.swift */; };
		21F217EE2AAA975600525A3C /* GradientButtonStyle.swift in Sources */ = {isa = PBXBuildFile; fileRef = 21F217ED2AAA975600525A3C /* GradientButtonStyle.swift */; };
		21F217F02AAA9BF200525A3C /* CustomCircleView.swift in Sources */ = {isa = PBXBuildFile; fileRef = 21F217EF2AAA9BF200525A3C /* CustomCircleView.swift */; };
		21F217F22AAA9D4B00525A3C /* MotionAnimationView.swift in Sources */ = {isa = PBXBuildFile; fileRef = 21F217F12AAA9D4B00525A3C /* MotionAnimationView.swift */; };
		21F217F52AAAA6AF00525A3C /* SettingsView.swift in Sources */ = {isa = PBXBuildFile; fileRef = 21F217F42AAAA6AF00525A3C /* SettingsView.swift */; };
		21F217F72AAAAF6B00525A3C /* CustomListRowview.swift in Sources */ = {isa = PBXBuildFile; fileRef = 21F217F62AAAAF6B00525A3C /* CustomListRowview.swift */; };
/* End PBXBuildFile section */

/* Begin PBXFileReference section */
		219274882AAA865C001A5AE3 /* HikingApp.app */ = {isa = PBXFileReference; explicitFileType = wrapper.application; includeInIndex = 0; path = HikingApp.app; sourceTree = BUILT_PRODUCTS_DIR; };
		2192748B2AAA865C001A5AE3 /* HikingAppApp.swift */ = {isa = PBXFileReference; lastKnownFileType = sourcecode.swift; path = HikingAppApp.swift; sourceTree = "<group>"; };
		2192748D2AAA865C001A5AE3 /* ContentView.swift */ = {isa = PBXFileReference; lastKnownFileType = sourcecode.swift; path = ContentView.swift; sourceTree = "<group>"; };
		2192748F2AAA865D001A5AE3 /* Assets.xcassets */ = {isa = PBXFileReference; lastKnownFileType = folder.assetcatalog; path = Assets.xcassets; sourceTree = "<group>"; };
		219274912AAA865D001A5AE3 /* HikingApp.entitlements */ = {isa = PBXFileReference; lastKnownFileType = text.plist.entitlements; path = HikingApp.entitlements; sourceTree = "<group>"; };
		219274932AAA865D001A5AE3 /* Preview Assets.xcassets */ = {isa = PBXFileReference; lastKnownFileType = folder.assetcatalog; path = "Preview Assets.xcassets"; sourceTree = "<group>"; };
		2192749A2AAA8959001A5AE3 /* CardView.swift */ = {isa = PBXFileReference; lastKnownFileType = sourcecode.swift; path = CardView.swift; sourceTree = "<group>"; };
		2192749D2AAA8AE2001A5AE3 /* CustomBackgroundView.swift */ = {isa = PBXFileReference; lastKnownFileType = sourcecode.swift; path = CustomBackgroundView.swift; sourceTree = "<group>"; };
		21F217E92AAA8D3400525A3C /* ColorExtension.swift */ = {isa = PBXFileReference; lastKnownFileType = sourcecode.swift; path = ColorExtension.swift; sourceTree = "<group>"; };
		21F217EB2AAA927400525A3C /* CustomButtonView.swift */ = {isa = PBXFileReference; lastKnownFileType = sourcecode.swift; path = CustomButtonView.swift; sourceTree = "<group>"; };
		21F217ED2AAA975600525A3C /* GradientButtonStyle.swift */ = {isa = PBXFileReference; lastKnownFileType = sourcecode.swift; path = GradientButtonStyle.swift; sourceTree = "<group>"; };
		21F217EF2AAA9BF200525A3C /* CustomCircleView.swift */ = {isa = PBXFileReference; lastKnownFileType = sourcecode.swift; path = CustomCircleView.swift; sourceTree = "<group>"; };
		21F217F12AAA9D4B00525A3C /* MotionAnimationView.swift */ = {isa = PBXFileReference; lastKnownFileType = sourcecode.swift; path = MotionAnimationView.swift; sourceTree = "<group>"; };
		21F217F42AAAA6AF00525A3C /* SettingsView.swift */ = {isa = PBXFileReference; lastKnownFileType = sourcecode.swift; path = SettingsView.swift; sourceTree = "<group>"; };
		21F217F62AAAAF6B00525A3C /* CustomListRowview.swift */ = {isa = PBXFileReference; lastKnownFileType = sourcecode.swift; path = CustomListRowview.swift; sourceTree = "<group>"; };
/* End PBXFileReference section */

/* Begin PBXFrameworksBuildPhase section */
		219274852AAA865C001A5AE3 /* Frameworks */ = {
			isa = PBXFrameworksBuildPhase;
			buildActionMask = 2147483647;
			files = (
			);
			runOnlyForDeploymentPostprocessing = 0;
		};
/* End PBXFrameworksBuildPhase section */

/* Begin PBXGroup section */
		2192747F2AAA865C001A5AE3 = {
			isa = PBXGroup;
			children = (
				2192748A2AAA865C001A5AE3 /* HikingApp */,
				219274892AAA865C001A5AE3 /* Products */,
			);
			sourceTree = "<group>";
		};
		219274892AAA865C001A5AE3 /* Products */ = {
			isa = PBXGroup;
			children = (
				219274882AAA865C001A5AE3 /* HikingApp.app */,
			);
			name = Products;
			sourceTree = "<group>";
		};
		2192748A2AAA865C001A5AE3 /* HikingApp */ = {
			isa = PBXGroup;
			children = (
				21F217E82AAA8D1100525A3C /* Utility */,
				2192748B2AAA865C001A5AE3 /* HikingAppApp.swift */,
				21F217F32AAAA69900525A3C /* Screen */,
				2192748F2AAA865D001A5AE3 /* Assets.xcassets */,
				219274912AAA865D001A5AE3 /* HikingApp.entitlements */,
				219274922AAA865D001A5AE3 /* Preview Content */,
				2192749C2AAA8AA5001A5AE3 /* Component */,
			);
			path = HikingApp;
			sourceTree = "<group>";
		};
		219274922AAA865D001A5AE3 /* Preview Content */ = {
			isa = PBXGroup;
			children = (
				219274932AAA865D001A5AE3 /* Preview Assets.xcassets */,
			);
			path = "Preview Content";
			sourceTree = "<group>";
		};
		2192749C2AAA8AA5001A5AE3 /* Component */ = {
			isa = PBXGroup;
			children = (
				2192749A2AAA8959001A5AE3 /* CardView.swift */,
				2192749D2AAA8AE2001A5AE3 /* CustomBackgroundView.swift */,
				21F217EB2AAA927400525A3C /* CustomButtonView.swift */,
				21F217EF2AAA9BF200525A3C /* CustomCircleView.swift */,
				21F217F12AAA9D4B00525A3C /* MotionAnimationView.swift */,
				21F217F62AAAAF6B00525A3C /* CustomListRowview.swift */,
			);
			path = Component;
			sourceTree = "<group>";
		};
		21F217E82AAA8D1100525A3C /* Utility */ = {
			isa = PBXGroup;
			children = (
				21F217E92AAA8D3400525A3C /* ColorExtension.swift */,
				21F217ED2AAA975600525A3C /* GradientButtonStyle.swift */,
			);
			path = Utility;
			sourceTree = "<group>";
		};
		21F217F32AAAA69900525A3C /* Screen */ = {
			isa = PBXGroup;
			children = (
				2192748D2AAA865C001A5AE3 /* ContentView.swift */,
				21F217F42AAAA6AF00525A3C /* SettingsView.swift */,
			);
			path = Screen;
			sourceTree = "<group>";
		};
/* End PBXGroup section */

/* Begin PBXNativeTarget section */
		219274872AAA865C001A5AE3 /* HikingApp */ = {
			isa = PBXNativeTarget;
			buildConfigurationList = 219274972AAA865D001A5AE3 /* Build configuration list for PBXNativeTarget "HikingApp" */;
			buildPhases = (
				219274842AAA865C001A5AE3 /* Sources */,
				219274852AAA865C001A5AE3 /* Frameworks */,
				219274862AAA865C001A5AE3 /* Resources */,
			);
			buildRules = (
			);
			dependencies = (
			);
			name = HikingApp;
			productName = HikingApp;
			productReference = 219274882AAA865C001A5AE3 /* HikingApp.app */;
			productType = "com.apple.product-type.application";
		};
/* End PBXNativeTarget section */

/* Begin PBXProject section */
		219274802AAA865C001A5AE3 /* Project object */ = {
			isa = PBXProject;
			attributes = {
				BuildIndependentTargetsInParallel = 1;
				LastSwiftUpdateCheck = 1430;
				LastUpgradeCheck = 1430;
				TargetAttributes = {
					219274872AAA865C001A5AE3 = {
						CreatedOnToolsVersion = 14.3.1;
					};
				};
			};
			buildConfigurationList = 219274832AAA865C001A5AE3 /* Build configuration list for PBXProject "HikingApp" */;
			compatibilityVersion = "Xcode 14.0";
			developmentRegion = en;
			hasScannedForEncodings = 0;
			knownRegions = (
				en,
				Base,
			);
			mainGroup = 2192747F2AAA865C001A5AE3;
			productRefGroup = 219274892AAA865C001A5AE3 /* Products */;
			projectDirPath = "";
			projectRoot = "";
			targets = (
				219274872AAA865C001A5AE3 /* HikingApp */,
			);
		};
/* End PBXProject section */

/* Begin PBXResourcesBuildPhase section */
		219274862AAA865C001A5AE3 /* Resources */ = {
			isa = PBXResourcesBuildPhase;
			buildActionMask = 2147483647;
			files = (
				219274942AAA865D001A5AE3 /* Preview Assets.xcassets in Resources */,
				219274902AAA865D001A5AE3 /* Assets.xcassets in Resources */,
			);
			runOnlyForDeploymentPostprocessing = 0;
		};
/* End PBXResourcesBuildPhase section */

/* Begin PBXSourcesBuildPhase section */
		219274842AAA865C001A5AE3 /* Sources */ = {
			isa = PBXSourcesBuildPhase;
			buildActionMask = 2147483647;
			files = (
				21F217F72AAAAF6B00525A3C /* CustomListRowview.swift in Sources */,
				2192748E2AAA865C001A5AE3 /* ContentView.swift in Sources */,
				21F217F02AAA9BF200525A3C /* CustomCircleView.swift in Sources */,
				2192749B2AAA8959001A5AE3 /* CardView.swift in Sources */,
				2192748C2AAA865C001A5AE3 /* HikingAppApp.swift in Sources */,
				21F217EC2AAA927400525A3C /* CustomButtonView.swift in Sources */,
				21F217F52AAAA6AF00525A3C /* SettingsView.swift in Sources */,
				21F217EE2AAA975600525A3C /* GradientButtonStyle.swift in Sources */,
				21F217F22AAA9D4B00525A3C /* MotionAnimationView.swift in Sources */,
				2192749E2AAA8AE2001A5AE3 /* CustomBackgroundView.swift in Sources */,
				21F217EA2AAA8D3400525A3C /* ColorExtension.swift in Sources */,
			);
			runOnlyForDeploymentPostprocessing = 0;
		};
/* End PBXSourcesBuildPhase section */

/* Begin XCBuildConfiguration section */
		219274952AAA865D001A5AE3 /* Debug */ = {
			isa = XCBuildConfiguration;
			buildSettings = {
				ALWAYS_SEARCH_USER_PATHS = NO;
				CLANG_ANALYZER_NONNULL = YES;
				CLANG_ANALYZER_NUMBER_OBJECT_CONVERSION = YES_AGGRESSIVE;
				CLANG_CXX_LANGUAGE_STANDARD = "gnu++20";
				CLANG_ENABLE_MODULES = YES;
				CLANG_ENABLE_OBJC_ARC = YES;
				CLANG_ENABLE_OBJC_WEAK = YES;
				CLANG_WARN_BLOCK_CAPTURE_AUTORELEASING = YES;
				CLANG_WARN_BOOL_CONVERSION = YES;
				CLANG_WARN_COMMA = YES;
				CLANG_WARN_CONSTANT_CONVERSION = YES;
				CLANG_WARN_DEPRECATED_OBJC_IMPLEMENTATIONS = YES;
				CLANG_WARN_DIRECT_OBJC_ISA_USAGE = YES_ERROR;
				CLANG_WARN_DOCUMENTATION_COMMENTS = YES;
				CLANG_WARN_EMPTY_BODY = YES;
				CLANG_WARN_ENUM_CONVERSION = YES;
				CLANG_WARN_INFINITE_RECURSION = YES;
				CLANG_WARN_INT_CONVERSION = YES;
				CLANG_WARN_NON_LITERAL_NULL_CONVERSION = YES;
				CLANG_WARN_OBJC_IMPLICIT_RETAIN_SELF = YES;
				CLANG_WARN_OBJC_LITERAL_CONVERSION = YES;
				CLANG_WARN_OBJC_ROOT_CLASS = YES_ERROR;
				CLANG_WARN_QUOTED_INCLUDE_IN_FRAMEWORK_HEADER = YES;
				CLANG_WARN_RANGE_LOOP_ANALYSIS = YES;
				CLANG_WARN_STRICT_PROTOTYPES = YES;
				CLANG_WARN_SUSPICIOUS_MOVE = YES;
				CLANG_WARN_UNGUARDED_AVAILABILITY = YES_AGGRESSIVE;
				CLANG_WARN_UNREACHABLE_CODE = YES;
				CLANG_WARN__DUPLICATE_METHOD_MATCH = YES;
				COPY_PHASE_STRIP = NO;
				DEBUG_INFORMATION_FORMAT = dwarf;
				ENABLE_STRICT_OBJC_MSGSEND = YES;
				ENABLE_TESTABILITY = YES;
				GCC_C_LANGUAGE_STANDARD = gnu11;
				GCC_DYNAMIC_NO_PIC = NO;
				GCC_NO_COMMON_BLOCKS = YES;
				GCC_OPTIMIZATION_LEVEL = 0;
				GCC_PREPROCESSOR_DEFINITIONS = (
					"DEBUG=1",
					"$(inherited)",
				);
				GCC_WARN_64_TO_32_BIT_CONVERSION = YES;
				GCC_WARN_ABOUT_RETURN_TYPE = YES_ERROR;
				GCC_WARN_UNDECLARED_SELECTOR = YES;
				GCC_WARN_UNINITIALIZED_AUTOS = YES_AGGRESSIVE;
				GCC_WARN_UNUSED_FUNCTION = YES;
				GCC_WARN_UNUSED_VARIABLE = YES;
				MTL_ENABLE_DEBUG_INFO = INCLUDE_SOURCE;
				MTL_FAST_MATH = YES;
				ONLY_ACTIVE_ARCH = YES;
				SWIFT_ACTIVE_COMPILATION_CONDITIONS = DEBUG;
				SWIFT_OPTIMIZATION_LEVEL = "-Onone";
			};
			name = Debug;
		};
		219274962AAA865D001A5AE3 /* Release */ = {
			isa = XCBuildConfiguration;
			buildSettings = {
				ALWAYS_SEARCH_USER_PATHS = NO;
				CLANG_ANALYZER_NONNULL = YES;
				CLANG_ANALYZER_NUMBER_OBJECT_CONVERSION = YES_AGGRESSIVE;
				CLANG_CXX_LANGUAGE_STANDARD = "gnu++20";
				CLANG_ENABLE_MODULES = YES;
				CLANG_ENABLE_OBJC_ARC = YES;
				CLANG_ENABLE_OBJC_WEAK = YES;
				CLANG_WARN_BLOCK_CAPTURE_AUTORELEASING = YES;
				CLANG_WARN_BOOL_CONVERSION = YES;
				CLANG_WARN_COMMA = YES;
				CLANG_WARN_CONSTANT_CONVERSION = YES;
				CLANG_WARN_DEPRECATED_OBJC_IMPLEMENTATIONS = YES;
				CLANG_WARN_DIRECT_OBJC_ISA_USAGE = YES_ERROR;
				CLANG_WARN_DOCUMENTATION_COMMENTS = YES;
				CLANG_WARN_EMPTY_BODY = YES;
				CLANG_WARN_ENUM_CONVERSION = YES;
				CLANG_WARN_INFINITE_RECURSION = YES;
				CLANG_WARN_INT_CONVERSION = YES;
				CLANG_WARN_NON_LITERAL_NULL_CONVERSION = YES;
				CLANG_WARN_OBJC_IMPLICIT_RETAIN_SELF = YES;
				CLANG_WARN_OBJC_LITERAL_CONVERSION = YES;
				CLANG_WARN_OBJC_ROOT_CLASS = YES_ERROR;
				CLANG_WARN_QUOTED_INCLUDE_IN_FRAMEWORK_HEADER = YES;
				CLANG_WARN_RANGE_LOOP_ANALYSIS = YES;
				CLANG_WARN_STRICT_PROTOTYPES = YES;
				CLANG_WARN_SUSPICIOUS_MOVE = YES;
				CLANG_WARN_UNGUARDED_AVAILABILITY = YES_AGGRESSIVE;
				CLANG_WARN_UNREACHABLE_CODE = YES;
				CLANG_WARN__DUPLICATE_METHOD_MATCH = YES;
				COPY_PHASE_STRIP = NO;
				DEBUG_INFORMATION_FORMAT = "dwarf-with-dsym";
				ENABLE_NS_ASSERTIONS = NO;
				ENABLE_STRICT_OBJC_MSGSEND = YES;
				GCC_C_LANGUAGE_STANDARD = gnu11;
				GCC_NO_COMMON_BLOCKS = YES;
				GCC_WARN_64_TO_32_BIT_CONVERSION = YES;
				GCC_WARN_ABOUT_RETURN_TYPE = YES_ERROR;
				GCC_WARN_UNDECLARED_SELECTOR = YES;
				GCC_WARN_UNINITIALIZED_AUTOS = YES_AGGRESSIVE;
				GCC_WARN_UNUSED_FUNCTION = YES;
				GCC_WARN_UNUSED_VARIABLE = YES;
				MTL_ENABLE_DEBUG_INFO = NO;
				MTL_FAST_MATH = YES;
				SWIFT_COMPILATION_MODE = wholemodule;
				SWIFT_OPTIMIZATION_LEVEL = "-O";
			};
			name = Release;
		};
		219274982AAA865D001A5AE3 /* Debug */ = {
			isa = XCBuildConfiguration;
			buildSettings = {
				ASSETCATALOG_COMPILER_APPICON_NAME = AppIcon;
				ASSETCATALOG_COMPILER_GLOBAL_ACCENT_COLOR_NAME = AccentColor;
				CODE_SIGN_ENTITLEMENTS = HikingApp/HikingApp.entitlements;
				CODE_SIGN_STYLE = Automatic;
				CURRENT_PROJECT_VERSION = 1;
				DEVELOPMENT_ASSET_PATHS = "\"HikingApp/Preview Content\"";
				DEVELOPMENT_TEAM = 8UWKKKNM3S;
				ENABLE_HARDENED_RUNTIME = YES;
				ENABLE_PREVIEWS = YES;
				GENERATE_INFOPLIST_FILE = YES;
				"INFOPLIST_KEY_UIApplicationSceneManifest_Generation[sdk=iphoneos*]" = YES;
				"INFOPLIST_KEY_UIApplicationSceneManifest_Generation[sdk=iphonesimulator*]" = YES;
				"INFOPLIST_KEY_UIApplicationSupportsIndirectInputEvents[sdk=iphoneos*]" = YES;
				"INFOPLIST_KEY_UIApplicationSupportsIndirectInputEvents[sdk=iphonesimulator*]" = YES;
				"INFOPLIST_KEY_UILaunchScreen_Generation[sdk=iphoneos*]" = YES;
				"INFOPLIST_KEY_UILaunchScreen_Generation[sdk=iphonesimulator*]" = YES;
				"INFOPLIST_KEY_UIStatusBarStyle[sdk=iphoneos*]" = UIStatusBarStyleDefault;
				"INFOPLIST_KEY_UIStatusBarStyle[sdk=iphonesimulator*]" = UIStatusBarStyleDefault;
				INFOPLIST_KEY_UISupportedInterfaceOrientations_iPad = "UIInterfaceOrientationPortrait UIInterfaceOrientationPortraitUpsideDown UIInterfaceOrientationLandscapeLeft UIInterfaceOrientationLandscapeRight";
				INFOPLIST_KEY_UISupportedInterfaceOrientations_iPhone = "UIInterfaceOrientationPortrait UIInterfaceOrientationLandscapeLeft UIInterfaceOrientationLandscapeRight";
				IPHONEOS_DEPLOYMENT_TARGET = 16.4;
				LD_RUNPATH_SEARCH_PATHS = "@executable_path/Frameworks";
				"LD_RUNPATH_SEARCH_PATHS[sdk=macosx*]" = "@executable_path/../Frameworks";
				MACOSX_DEPLOYMENT_TARGET = 13.3;
				MARKETING_VERSION = 1.0;
				PRODUCT_BUNDLE_IDENTIFIER = ram.HikingApp;
				PRODUCT_NAME = "$(TARGET_NAME)";
				SDKROOT = auto;
				SUPPORTED_PLATFORMS = "iphoneos iphonesimulator macosx";
				SWIFT_EMIT_LOC_STRINGS = YES;
				SWIFT_VERSION = 5.0;
				TARGETED_DEVICE_FAMILY = "1,2";
			};
			name = Debug;
		};
		219274992AAA865D001A5AE3 /* Release */ = {
			isa = XCBuildConfiguration;
			buildSettings = {
				ASSETCATALOG_COMPILER_APPICON_NAME = AppIcon;
				ASSETCATALOG_COMPILER_GLOBAL_ACCENT_COLOR_NAME = AccentColor;
				CODE_SIGN_ENTITLEMENTS = HikingApp/HikingApp.entitlements;
				CODE_SIGN_STYLE = Automatic;
				CURRENT_PROJECT_VERSION = 1;
				DEVELOPMENT_ASSET_PATHS = "\"HikingApp/Preview Content\"";
				DEVELOPMENT_TEAM = 8UWKKKNM3S;
				ENABLE_HARDENED_RUNTIME = YES;
				ENABLE_PREVIEWS = YES;
				GENERATE_INFOPLIST_FILE = YES;
				"INFOPLIST_KEY_UIApplicationSceneManifest_Generation[sdk=iphoneos*]" = YES;
				"INFOPLIST_KEY_UIApplicationSceneManifest_Generation[sdk=iphonesimulator*]" = YES;
				"INFOPLIST_KEY_UIApplicationSupportsIndirectInputEvents[sdk=iphoneos*]" = YES;
				"INFOPLIST_KEY_UIApplicationSupportsIndirectInputEvents[sdk=iphonesimulator*]" = YES;
				"INFOPLIST_KEY_UILaunchScreen_Generation[sdk=iphoneos*]" = YES;
				"INFOPLIST_KEY_UILaunchScreen_Generation[sdk=iphonesimulator*]" = YES;
				"INFOPLIST_KEY_UIStatusBarStyle[sdk=iphoneos*]" = UIStatusBarStyleDefault;
				"INFOPLIST_KEY_UIStatusBarStyle[sdk=iphonesimulator*]" = UIStatusBarStyleDefault;
				INFOPLIST_KEY_UISupportedInterfaceOrientations_iPad = "UIInterfaceOrientationPortrait UIInterfaceOrientationPortraitUpsideDown UIInterfaceOrientationLandscapeLeft UIInterfaceOrientationLandscapeRight";
				INFOPLIST_KEY_UISupportedInterfaceOrientations_iPhone = "UIInterfaceOrientationPortrait UIInterfaceOrientationLandscapeLeft UIInterfaceOrientationLandscapeRight";
				IPHONEOS_DEPLOYMENT_TARGET = 16.4;
				LD_RUNPATH_SEARCH_PATHS = "@executable_path/Frameworks";
				"LD_RUNPATH_SEARCH_PATHS[sdk=macosx*]" = "@executable_path/../Frameworks";
				MACOSX_DEPLOYMENT_TARGET = 13.3;
				MARKETING_VERSION = 1.0;
				PRODUCT_BUNDLE_IDENTIFIER = ram.HikingApp;
				PRODUCT_NAME = "$(TARGET_NAME)";
				SDKROOT = auto;
				SUPPORTED_PLATFORMS = "iphoneos iphonesimulator macosx";
				SWIFT_EMIT_LOC_STRINGS = YES;
				SWIFT_VERSION = 5.0;
				TARGETED_DEVICE_FAMILY = "1,2";
			};
			name = Release;
		};
/* End XCBuildConfiguration section */

/* Begin XCConfigurationList section */
		219274832AAA865C001A5AE3 /* Build configuration list for PBXProject "HikingApp" */ = {
			isa = XCConfigurationList;
			buildConfigurations = (
				219274952AAA865D001A5AE3 /* Debug */,
				219274962AAA865D001A5AE3 /* Release */,
			);
			defaultConfigurationIsVisible = 0;
			defaultConfigurationName = Release;
		};
		219274972AAA865D001A5AE3 /* Build configuration list for PBXNativeTarget "HikingApp" */ = {
			isa = XCConfigurationList;
			buildConfigurations = (
				219274982AAA865D001A5AE3 /* Debug */,
				219274992AAA865D001A5AE3 /* Release */,
			);
			defaultConfigurationIsVisible = 0;
			defaultConfigurationName = Release;
		};
/* End XCConfigurationList section */
	};
	rootObject = 219274802AAA865C001A5AE3 /* Project object */;
}
